Microsoft Visual Studio Solution File, Format Version 12.00
# Visual Studio Version 18
VisualStudioVersion = 18.0.0.0
MinimumVisualStudioVersion = 10.0.40219.1
Project("{BC8A1FFA-BEE3-4634-8014-F334798102B3}") = "00_Base", "00_Base\00_Base.vcxproj", "{E91746D8-5978-5680-B802-1D9C7D18E81A}"
EndProject
Project("{BC8A1FFA-BEE3-4634-8014-F334798102B3}") = "01_MathVocabulary", "01_MathVocabulary\01_MathVocabulary.vcxproj", "{C2A21947-82BC-53E3-BD70-1596BCC8E416}"
EndProject
Project("{BC8A1FFA-BEE3-4634-8014-F334798102B3}") = "02_SemanticModel", "02_SemanticModel\02_SemanticModel.vcxproj", "{ACC10621-B9BD-5750-AB25-196639380352}"
EndProject
Project("{BC8A1FFA-BEE3-4634-8014-F334798102B3}") = "03_SemanticBuilder", "03_SemanticBuilder\03_SemanticBuilder.vcxproj", "{B6DC54DB-CB75-5305-A340-E21C7F9B159E}"
EndProject
Project("{BC8A1FFA-BEE3-4634-8014-F334798102B3}") = "04_SemanticAnalysis", "04_SemanticAnalysis\04_SemanticAnalysis.vcxproj", "{D61CDCD4-61D5-5013-88C4-990D4C745AA0}"
EndProject
Project("{BC8A1FFA-BEE3-4634-8014-F334798102B3}") = "05_TargetModel", "05_TargetModel\05_TargetModel.vcxproj", "{5FDDCE6E-90DA-58BB-AF22-EBC7F2004C1B}"
EndProject
Project("{BC8A1FFA-BEE3-4634-8014-F334798102B3}") = "06_D3D12TargetCompiler", "06_D3D12TargetCompiler\06_D3D12TargetCompiler.vcxproj", "{9511A921-B93D-5A45-B7C5-008C5A172279}"
EndProject
Project("{BC8A1FFA-BEE3-4634-8014-F334798102B3}") = "07_FrozenPackageCore", "07_FrozenPackageCore\07_FrozenPackageCore.vcxproj", "{D2EC95AE-09B0-50FC-A76F-E38B30F2802A}"
EndProject
Project("{BC8A1FFA-BEE3-4634-8014-F334798102B3}") = "08_D3D12PackageSchema", "08_D3D12PackageSchema\08_D3D12PackageSchema.vcxproj", "{6BD85765-9971-5AAD-95B9-094A4BE4F739}"
EndProject
Project("{BC8A1FFA-BEE3-4634-8014-F334798102B3}") = "09_PackageRuntime", "09_PackageRuntime\09_PackageRuntime.vcxproj", "{CDE23A90-F510-5D0A-A485-56FB3A483237}"
EndProject
Project("{BC8A1FFA-BEE3-4634-8014-F334798102B3}") = "10_D3D12Executor", "10_D3D12Executor\10_D3D12Executor.vcxproj", "{90794F36-73F9-535E-ACF0-893B621700E2}"
EndProject
Project("{BC8A1FFA-BEE3-4634-8014-F334798102B3}") = "11_PlatformWin32", "11_PlatformWin32\11_PlatformWin32.vcxproj", "{189A6ECB-A472-5D4B-813A-B969C230F023}"
EndProject
Project("{BC8A1FFA-BEE3-4634-8014-F334798102B3}") = "20_ClassicalFrontend", "20_ClassicalFrontend\20_ClassicalFrontend.vcxproj", "{BA1EB255-65D0-51B9-9CB9-3109B6287BB4}"
EndProject
Project("{BC8A1FFA-BEE3-4634-8014-F334798102B3}") = "21_SdfFrontend", "21_SdfFrontend\21_SdfFrontend.vcxproj", "{11C01DF9-5A5A-5A6C-BFEC-19BC9CEF79C4}"
EndProject
Project("{BC8A1FFA-BEE3-4634-8014-F334798102B3}") = "22_PgaFrontend", "22_PgaFrontend\22_PgaFrontend.vcxproj", "{ACBAC060-CB25-5CE2-8A8D-D0AC3F8554A2}"
EndProject
Project("{BC8A1FFA-BEE3-4634-8014-F334798102B3}") = "23_ExperimentDomain", "23_ExperimentDomain\23_ExperimentDomain.vcxproj", "{7B4235CA-D02B-53DF-8050-579E81061227}"
EndProject
Project("{BC8A1FFA-BEE3-4634-8014-F334798102B3}") = "24_Level1Scenarios", "24_Level1Scenarios\24_Level1Scenarios.vcxproj", "{C8B5E0C8-5C1B-4D4A-9C82-4E9E53E8A124}"
EndProject
Project("{BC8A1FFA-BEE3-4634-8014-F334798102B3}") = "30_SemanticTests", "30_SemanticTests\30_SemanticTests.vcxproj", "{78E06D68-D46E-5229-BE08-E3BC9C7D2912}"
EndProject
Project("{BC8A1FFA-BEE3-4634-8014-F334798102B3}") = "31_CompilerTests", "31_CompilerTests\31_CompilerTests.vcxproj", "{099F5488-1F7A-5EA6-A551-B5DA1A13EE02}"
EndProject
Project("{BC8A1FFA-BEE3-4634-8014-F334798102B3}") = "32_PackageContractTests", "32_PackageContractTests\32_PackageContractTests.vcxproj", "{956E34A3-9102-5661-B0FF-8D03BAF52E28}"
EndProject
Project("{BC8A1FFA-BEE3-4634-8014-F334798102B3}") = "33_D3D12ConformanceTests", "33_D3D12ConformanceTests\33_D3D12ConformanceTests.vcxproj", "{B23DB502-DE1B-5FEA-A1D3-5710EF58B2E5}"
EndProject
Project("{BC8A1FFA-BEE3-4634-8014-F334798102B3}") = "34_ExperimentTests", "34_ExperimentTests\34_ExperimentTests.vcxproj", "{DA325A53-9881-5956-A86A-39070F664863}"
EndProject
Project("{BC8A1FFA-BEE3-4634-8014-F334798102B3}") = "35_D3D12ReadbackTests", "35_D3D12ReadbackTests\35_D3D12ReadbackTests.vcxproj", "{7A2E8B1D-6C31-4B5F-91F7-0E3D72A8C903}"
EndProject
Project("{BC8A1FFA-BEE3-4634-8014-F334798102B3}") = "36_Level1ScenarioTests", "36_Level1ScenarioTests\36_Level1ScenarioTests.vcxproj", "{2F6A3D4E-9D5B-4D26-A0C2-36E15A7B9136}"
EndProject
Project("{BC8A1FFA-BEE3-4634-8014-F334798102B3}") = "40_Launcher", "40_Launcher\40_Launcher.vcxproj", "{ADA94B9E-8FBE-5406-A7A8-4EE888BDCA5E}"
EndProject
Project("{BC8A1FFA-BEE3-4634-8014-F334798102B3}") = "41_PackageCompiler", "41_PackageCompiler\41_PackageCompiler.vcxproj", "{63825FD2-9A95-58AD-B4D5-BF5249EB5E1A}"
EndProject
Global
	GlobalSection(SolutionConfigurationPlatforms) = preSolution
		Debug|x64 = Debug|x64
		Release|x64 = Release|x64
	EndGlobalSection
	GlobalSection(ProjectConfigurationPlatforms) = postSolution
		{E91746D8-5978-5680-B802-1D9C7D18E81A}.Debug|x64.ActiveCfg = Debug|x64
		{E91746D8-5978-5680-B802-1D9C7D18E81A}.Debug|x64.Build.0 = Debug|x64
		{E91746D8-5978-5680-B802-1D9C7D18E81A}.Release|x64.ActiveCfg = Release|x64
		{E91746D8-5978-5680-B802-1D9C7D18E81A}.Release|x64.Build.0 = Release|x64
		{C2A21947-82BC-53E3-BD70-1596BCC8E416}.Debug|x64.ActiveCfg = Debug|x64
		{C2A21947-82BC-53E3-BD70-1596BCC8E416}.Debug|x64.Build.0 = Debug|x64
		{C2A21947-82BC-53E3-BD70-1596BCC8E416}.Release|x64.ActiveCfg = Release|x64
		{C2A21947-82BC-53E3-BD70-1596BCC8E416}.Release|x64.Build.0 = Release|x64
		{ACC10621-B9BD-5750-AB25-196639380352}.Debug|x64.ActiveCfg = Debug|x64
		{ACC10621-B9BD-5750-AB25-196639380352}.Debug|x64.Build.0 = Debug|x64
		{ACC10621-B9BD-5750-AB25-196639380352}.Release|x64.ActiveCfg = Release|x64
		{ACC10621-B9BD-5750-AB25-196639380352}.Release|x64.Build.0 = Release|x64
		{B6DC54DB-CB75-5305-A340-E21C7F9B159E}.Debug|x64.ActiveCfg = Debug|x64
		{B6DC54DB-CB75-5305-A340-E21C7F9B159E}.Debug|x64.Build.0 = Debug|x64
		{B6DC54DB-CB75-5305-A340-E21C7F9B159E}.Release|x64.ActiveCfg = Release|x64
		{B6DC54DB-CB75-5305-A340-E21C7F9B159E}.Release|x64.Build.0 = Release|x64
		{D61CDCD4-61D5-5013-88C4-990D4C745AA0}.Debug|x64.ActiveCfg = Debug|x64
		{D61CDCD4-61D5-5013-88C4-990D4C745AA0}.Debug|x64.Build.0 = Debug|x64
		{D61CDCD4-61D5-5013-88C4-990D4C745AA0}.Release|x64.ActiveCfg = Release|x64
		{D61CDCD4-61D5-5013-88C4-990D4C745AA0}.Release|x64.Build.0 = Release|x64
		{5FDDCE6E-90DA-58BB-AF22-EBC7F2004C1B}.Debug|x64.ActiveCfg = Debug|x64
		{5FDDCE6E-90DA-58BB-AF22-EBC7F2004C1B}.Debug|x64.Build.0 = Debug|x64
		{5FDDCE6E-90DA-58BB-AF22-EBC7F2004C1B}.Release|x64.ActiveCfg = Release|x64
		{5FDDCE6E-90DA-58BB-AF22-EBC7F2004C1B}.Release|x64.Build.0 = Release|x64
		{9511A921-B93D-5A45-B7C5-008C5A172279}.Debug|x64.ActiveCfg = Debug|x64
		{9511A921-B93D-5A45-B7C5-008C5A172279}.Debug|x64.Build.0 = Debug|x64
		{9511A921-B93D-5A45-B7C5-008C5A172279}.Release|x64.ActiveCfg = Release|x64
		{9511A921-B93D-5A45-B7C5-008C5A172279}.Release|x64.Build.0 = Release|x64
		{D2EC95AE-09B0-50FC-A76F-E38B30F2802A}.Debug|x64.ActiveCfg = Debug|x64
		{D2EC95AE-09B0-50FC-A76F-E38B30F2802A}.Debug|x64.Build.0 = Debug|x64
		{D2EC95AE-09B0-50FC-A76F-E38B30F2802A}.Release|x64.ActiveCfg = Release|x64
		{D2EC95AE-09B0-50FC-A76F-E38B30F2802A}.Release|x64.Build.0 = Release|x64
		{6BD85765-9971-5AAD-95B9-094A4BE4F739}.Debug|x64.ActiveCfg = Debug|x64
		{6BD85765-9971-5AAD-95B9-094A4BE4F739}.Debug|x64.Build.0 = Debug|x64
		{6BD85765-9971-5AAD-95B9-094A4BE4F739}.Release|x64.ActiveCfg = Release|x64
		{6BD85765-9971-5AAD-95B9-094A4BE4F739}.Release|x64.Build.0 = Release|x64
		{CDE23A90-F510-5D0A-A485-56FB3A483237}.Debug|x64.ActiveCfg = Debug|x64
		{CDE23A90-F510-5D0A-A485-56FB3A483237}.Debug|x64.Build.0 = Debug|x64
		{CDE23A90-F510-5D0A-A485-56FB3A483237}.Release|x64.ActiveCfg = Release|x64
		{CDE23A90-F510-5D0A-A485-56FB3A483237}.Release|x64.Build.0 = Release|x64
		{90794F36-73F9-535E-ACF0-893B621700E2}.Debug|x64.ActiveCfg = Debug|x64
		{90794F36-73F9-535E-ACF0-893B621700E2}.Debug|x64.Build.0 = Debug|x64
		{90794F36-73F9-535E-ACF0-893B621700E2}.Release|x64.ActiveCfg = Release|x64
		{90794F36-73F9-535E-ACF0-893B621700E2}.Release|x64.Build.0 = Release|x64
		{189A6ECB-A472-5D4B-813A-B969C230F023}.Debug|x64.ActiveCfg = Debug|x64
		{189A6ECB-A472-5D4B-813A-B969C230F023}.Debug|x64.Build.0 = Debug|x64
		{189A6ECB-A472-5D4B-813A-B969C230F023}.Release|x64.ActiveCfg = Release|x64
		{189A6ECB-A472-5D4B-813A-B969C230F023}.Release|x64.Build.0 = Release|x64
		{BA1EB255-65D0-51B9-9CB9-3109B6287BB4}.Debug|x64.ActiveCfg = Debug|x64
		{BA1EB255-65D0-51B9-9CB9-3109B6287BB4}.Debug|x64.Build.0 = Debug|x64
		{BA1EB255-65D0-51B9-9CB9-3109B6287BB4}.Release|x64.ActiveCfg = Release|x64
		{BA1EB255-65D0-51B9-9CB9-3109B6287BB4}.Release|x64.Build.0 = Release|x64
		{11C01DF9-5A5A-5A6C-BFEC-19BC9CEF79C4}.Debug|x64.ActiveCfg = Debug|x64
		{11C01DF9-5A5A-5A6C-BFEC-19BC9CEF79C4}.Debug|x64.Build.0 = Debug|x64
		{11C01DF9-5A5A-5A6C-BFEC-19BC9CEF79C4}.Release|x64.ActiveCfg = Release|x64
		{11C01DF9-5A5A-5A6C-BFEC-19BC9CEF79C4}.Release|x64.Build.0 = Release|x64
		{ACBAC060-CB25-5CE2-8A8D-D0AC3F8554A2}.Debug|x64.ActiveCfg = Debug|x64
		{ACBAC060-CB25-5CE2-8A8D-D0AC3F8554A2}.Debug|x64.Build.0 = Debug|x64
		{ACBAC060-CB25-5CE2-8A8D-D0AC3F8554A2}.Release|x64.ActiveCfg = Release|x64
		{ACBAC060-CB25-5CE2-8A8D-D0AC3F8554A2}.Release|x64.Build.0 = Release|x64
		{7B4235CA-D02B-53DF-8050-579E81061227}.Debug|x64.ActiveCfg = Debug|x64
		{7B4235CA-D02B-53DF-8050-579E81061227}.Debug|x64.Build.0 = Debug|x64
		{7B4235CA-D02B-53DF-8050-579E81061227}.Release|x64.ActiveCfg = Release|x64
		{7B4235CA-D02B-53DF-8050-579E81061227}.Release|x64.Build.0 = Release|x64
		{78E06D68-D46E-5229-BE08-E3BC9C7D2912}.Debug|x64.ActiveCfg = Debug|x64
		{78E06D68-D46E-5229-BE08-E3BC9C7D2912}.Debug|x64.Build.0 = Debug|x64
		{78E06D68-D46E-5229-BE08-E3BC9C7D2912}.Release|x64.ActiveCfg = Release|x64
		{78E06D68-D46E-5229-BE08-E3BC9C7D2912}.Release|x64.Build.0 = Release|x64
		{099F5488-1F7A-5EA6-A551-B5DA1A13EE02}.Debug|x64.ActiveCfg = Debug|x64
		{099F5488-1F7A-5EA6-A551-B5DA1A13EE02}.Debug|x64.Build.0 = Debug|x64
		{099F5488-1F7A-5EA6-A551-B5DA1A13EE02}.Release|x64.ActiveCfg = Release|x64
		{099F5488-1F7A-5EA6-A551-B5DA1A13EE02}.Release|x64.Build.0 = Release|x64
		{956E34A3-9102-5661-B0FF-8D03BAF52E28}.Debug|x64.ActiveCfg = Debug|x64
		{956E34A3-9102-5661-B0FF-8D03BAF52E28}.Debug|x64.Build.0 = Debug|x64
		{956E34A3-9102-5661-B0FF-8D03BAF52E28}.Release|x64.ActiveCfg = Release|x64
		{956E34A3-9102-5661-B0FF-8D03BAF52E28}.Release|x64.Build.0 = Release|x64
		{B23DB502-DE1B-5FEA-A1D3-5710EF58B2E5}.Debug|x64.ActiveCfg = Debug|x64
		{B23DB502-DE1B-5FEA-A1D3-5710EF58B2E5}.Debug|x64.Build.0 = Debug|x64
		{B23DB502-DE1B-5FEA-A1D3-5710EF58B2E5}.Release|x64.ActiveCfg = Release|x64
		{B23DB502-DE1B-5FEA-A1D3-5710EF58B2E5}.Release|x64.Build.0 = Release|x64
		{DA325A53-9881-5956-A86A-39070F664863}.Debug|x64.ActiveCfg = Debug|x64
		{DA325A53-9881-5956-A86A-39070F664863}.Debug|x64.Build.0 = Debug|x64
		{DA325A53-9881-5956-A86A-39070F664863}.Release|x64.ActiveCfg = Release|x64
		{DA325A53-9881-5956-A86A-39070F664863}.Release|x64.Build.0 = Release|x64
		{ADA94B9E-8FBE-5406-A7A8-4EE888BDCA5E}.Debug|x64.ActiveCfg = Debug|x64
		{ADA94B9E-8FBE-5406-A7A8-4EE888BDCA5E}.Debug|x64.Build.0 = Debug|x64
		{ADA94B9E-8FBE-5406-A7A8-4EE888BDCA5E}.Release|x64.ActiveCfg = Release|x64
		{ADA94B9E-8FBE-5406-A7A8-4EE888BDCA5E}.Release|x64.Build.0 = Release|x64
		{63825FD2-9A95-58AD-B4D5-BF5249EB5E1A}.Debug|x64.ActiveCfg = Debug|x64
		{63825FD2-9A95-58AD-B4D5-BF5249EB5E1A}.Debug|x64.Build.0 = Debug|x64
		{63825FD2-9A95-58AD-B4D5-BF5249EB5E1A}.Release|x64.ActiveCfg = Release|x64
		{63825FD2-9A95-58AD-B4D5-BF5249EB5E1A}.Release|x64.Build.0 = Release|x64
		{7A2E8B1D-6C31-4B5F-91F7-0E3D72A8C903}.Debug|x64.ActiveCfg = Debug|x64
		{7A2E8B1D-6C31-4B5F-91F7-0E3D72A8C903}.Debug|x64.Build.0 = Debug|x64
		{7A2E8B1D-6C31-4B5F-91F7-0E3D72A8C903}.Release|x64.ActiveCfg = Release|x64
		{7A2E8B1D-6C31-4B5F-91F7-0E3D72A8C903}.Release|x64.Build.0 = Release|x64
		{C8B5E0C8-5C1B-4D4A-9C82-4E9E53E8A124}.Debug|x64.ActiveCfg = Debug|x64
		{C8B5E0C8-5C1B-4D4A-9C82-4E9E53E8A124}.Debug|x64.Build.0 = Debug|x64
		{C8B5E0C8-5C1B-4D4A-9C82-4E9E53E8A124}.Release|x64.ActiveCfg = Release|x64
		{C8B5E0C8-5C1B-4D4A-9C82-4E9E53E8A124}.Release|x64.Build.0 = Release|x64
		{2F6A3D4E-9D5B-4D26-A0C2-36E15A7B9136}.Debug|x64.ActiveCfg = Debug|x64
		{2F6A3D4E-9D5B-4D26-A0C2-36E15A7B9136}.Debug|x64.Build.0 = Debug|x64
		{2F6A3D4E-9D5B-4D26-A0C2-36E15A7B9136}.Release|x64.ActiveCfg = Release|x64
		{2F6A3D4E-9D5B-4D26-A0C2-36E15A7B9136}.Release|x64.Build.0 = Release|x64
	EndGlobalSection
	GlobalSection(SolutionProperties) = preSolution
		HideSolutionNode = FALSE
	EndGlobalSection
EndGlobal
